
Microsoft Visual Studio Solution File, Format Version 12.00
# Visual Studio Version 17
VisualStudioVersion = 17.5.33414.496
MinimumVisualStudioVersion = 10.0.40219.1
Project("{FAE04EC0-301F-11D3-BF4B-00C04F79EFBC}") = "TP_Web_Equipo7B", "TP_Web_Equipo7B\TP_Web_Equipo7B.csproj", "{27DAC9FC-BBB3-40DD-AC13-274AD6C2FBB8}"
EndProject
Project("{FAE04EC0-301F-11D3-BF4B-00C04F79EFBC}") = "Dominio", "TP_Web_Equipo7B\Dominio\Dominio.csproj", "{A83BB38C-5D64-4281-8330-CF59068DC556}"
EndProject
Project("{FAE04EC0-301F-11D3-BF4B-00C04F79EFBC}") = "Negocio", "TP_Web_Equipo7B\Negocio\Negocio.csproj", "{42907B93-EB6B-4EA3-84AE-E7210E44EC7E}"
EndProject
Global
	GlobalSection(SolutionConfigurationPlatforms) = preSolution
		Debug|Any CPU = Debug|Any CPU
		Release|Any CPU = Release|Any CPU
	EndGlobalSection
	GlobalSection(ProjectConfigurationPlatforms) = postSolution
		{27DAC9FC-BBB3-40DD-AC13-274AD6C2FBB8}.Debug|Any CPU.ActiveCfg = Debug|Any CPU
		{27DAC9FC-BBB3-40DD-AC13-274AD6C2FBB8}.Debug|Any CPU.Build.0 = Debug|Any CPU
		{27DAC9FC-BBB3-40DD-AC13-274AD6C2FBB8}.Release|Any CPU.ActiveCfg = Release|Any CPU
		{27DAC9FC-BBB3-40DD-AC13-274AD6C2FBB8}.Release|Any CPU.Build.0 = Release|Any CPU
		{A83BB38C-5D64-4281-8330-CF59068DC556}.Debug|Any CPU.ActiveCfg = Debug|Any CPU
		{A83BB38C-5D64-4281-8330-CF59068DC556}.Debug|Any CPU.Build.0 = Debug|Any CPU
		{A83BB38C-5D64-4281-8330-CF59068DC556}.Release|Any CPU.ActiveCfg = Release|Any CPU
		{A83BB38C-5D64-4281-8330-CF59068DC556}.Release|Any CPU.Build.0 = Release|Any CPU
		{42907B93-EB6B-4EA3-84AE-E7210E44EC7E}.Debug|Any CPU.ActiveCfg = Debug|Any CPU
		{42907B93-EB6B-4EA3-84AE-E7210E44EC7E}.Debug|Any CPU.Build.0 = Debug|Any CPU
		{42907B93-EB6B-4EA3-84AE-E7210E44EC7E}.Release|Any CPU.ActiveCfg = Release|Any CPU
		{42907B93-EB6B-4EA3-84AE-E7210E44EC7E}.Release|Any CPU.Build.0 = Release|Any CPU
	EndGlobalSection
	GlobalSection(SolutionProperties) = preSolution
		HideSolutionNode = FALSE
	EndGlobalSection
	GlobalSection(ExtensibilityGlobals) = postSolution
		SolutionGuid = {020F10D8-2B00-4DF8-AC37-543FDC343D68}
	EndGlobalSection
EndGlobal
